
Microsoft Visual Studio Solution File, Format Version 12.00
# Visual Studio Version 16
VisualStudioVersion = 16.0.31205.134
MinimumVisualStudioVersion = 10.0.40219.1
Project("{FAE04EC0-301F-11D3-BF4B-00C04F79EFBC}") = "Client", "Client\Client.csproj", "{DD4A95BC-742A-4D1C-8D3D-A2EFD2FC704F}"
EndProject
Project("{FAE04EC0-301F-11D3-BF4B-00C04F79EFBC}") = "Server", "Server\Server.csproj", "{A3D670A7-7094-45FB-A390-D7E311EBF133}"
EndProject
Project("{FAE04EC0-301F-11D3-BF4B-00C04F79EFBC}") = "Messages", "Messages\Messages.csproj", "{AB291A9D-A9F0-4D8C-877A-51EA5C0B5627}"
EndProject
Global
	GlobalSection(SolutionConfigurationPlatforms) = preSolution
		Debug|Any CPU = Debug|Any CPU
		Release|Any CPU = Release|Any CPU
	EndGlobalSection
	GlobalSection(ProjectConfigurationPlatforms) = postSolution
		{DD4A95BC-742A-4D1C-8D3D-A2EFD2FC704F}.Debug|Any CPU.ActiveCfg = Debug|Any CPU
		{DD4A95BC-742A-4D1C-8D3D-A2EFD2FC704F}.Debug|Any CPU.Build.0 = Debug|Any CPU
		{DD4A95BC-742A-4D1C-8D3D-A2EFD2FC704F}.Release|Any CPU.ActiveCfg = Release|Any CPU
		{DD4A95BC-742A-4D1C-8D3D-A2EFD2FC704F}.Release|Any CPU.Build.0 = Release|Any CPU
		{A3D670A7-7094-45FB-A390-D7E311EBF133}.Debug|Any CPU.ActiveCfg = Debug|Any CPU
		{A3D670A7-7094-45FB-A390-D7E311EBF133}.Debug|Any CPU.Build.0 = Debug|Any CPU
		{A3D670A7-7094-45FB-A390-D7E311EBF133}.Release|Any CPU.ActiveCfg = Release|Any CPU
		{A3D670A7-7094-45FB-A390-D7E311EBF133}.Release|Any CPU.Build.0 = Release|Any CPU
		{AB291A9D-A9F0-4D8C-877A-51EA5C0B5627}.Debug|Any CPU.ActiveCfg = Debug|Any CPU
		{AB291A9D-A9F0-4D8C-877A-51EA5C0B5627}.Debug|Any CPU.Build.0 = Debug|Any CPU
		{AB291A9D-A9F0-4D8C-877A-51EA5C0B5627}.Release|Any CPU.ActiveCfg = Release|Any CPU
		{AB291A9D-A9F0-4D8C-877A-51EA5C0B5627}.Release|Any CPU.Build.0 = Release|Any CPU
	EndGlobalSection
	GlobalSection(SolutionProperties) = preSolution
		HideSolutionNode = FALSE
	EndGlobalSection
	GlobalSection(ExtensibilityGlobals) = postSolution
		SolutionGuid = {9B3827CD-D159-46AB-954E-6E903E1D0F1A}
	EndGlobalSection
EndGlobal
